
Microsoft Visual Studio Solution File, Format Version 12.00
# Visual Studio 15
VisualStudioVersion = 15.0.26124.0
MinimumVisualStudioVersion = 15.0.26124.0
Project("{2150E333-8FDC-42A3-9474-1A3956D46DE8}") = "src", "src", "{E3AC91FD-61C8-4594-A049-E9335E014EDA}"
EndProject
Project("{FAE04EC0-301F-11D3-BF4B-00C04F79EFBC}") = "Wiz.Api.Template.Client", "src\Wiz.Api.Template.Client\Wiz.Api.Template.Client.csproj", "{8A8D95A4-2B7D-4A56-9F67-547804DECA4C}"
EndProject
Global
	GlobalSection(SolutionConfigurationPlatforms) = preSolution
		Debug|Any CPU = Debug|Any CPU
		Debug|x64 = Debug|x64
		Debug|x86 = Debug|x86
		Release|Any CPU = Release|Any CPU
		Release|x64 = Release|x64
		Release|x86 = Release|x86
	EndGlobalSection
	GlobalSection(SolutionProperties) = preSolution
		HideSolutionNode = FALSE
	EndGlobalSection
	GlobalSection(ProjectConfigurationPlatforms) = postSolution
		{8A8D95A4-2B7D-4A56-9F67-547804DECA4C}.Debug|Any CPU.ActiveCfg = Debug|Any CPU
		{8A8D95A4-2B7D-4A56-9F67-547804DECA4C}.Debug|Any CPU.Build.0 = Debug|Any CPU
		{8A8D95A4-2B7D-4A56-9F67-547804DECA4C}.Debug|x64.ActiveCfg = Debug|Any CPU
		{8A8D95A4-2B7D-4A56-9F67-547804DECA4C}.Debug|x64.Build.0 = Debug|Any CPU
		{8A8D95A4-2B7D-4A56-9F67-547804DECA4C}.Debug|x86.ActiveCfg = Debug|Any CPU
		{8A8D95A4-2B7D-4A56-9F67-547804DECA4C}.Debug|x86.Build.0 = Debug|Any CPU
		{8A8D95A4-2B7D-4A56-9F67-547804DECA4C}.Release|Any CPU.ActiveCfg = Release|Any CPU
		{8A8D95A4-2B7D-4A56-9F67-547804DECA4C}.Release|Any CPU.Build.0 = Release|Any CPU
		{8A8D95A4-2B7D-4A56-9F67-547804DECA4C}.Release|x64.ActiveCfg = Release|Any CPU
		{8A8D95A4-2B7D-4A56-9F67-547804DECA4C}.Release|x64.Build.0 = Release|Any CPU
		{8A8D95A4-2B7D-4A56-9F67-547804DECA4C}.Release|x86.ActiveCfg = Release|Any CPU
		{8A8D95A4-2B7D-4A56-9F67-547804DECA4C}.Release|x86.Build.0 = Release|Any CPU
	EndGlobalSection
	GlobalSection(NestedProjects) = preSolution
		{8A8D95A4-2B7D-4A56-9F67-547804DECA4C} = {E3AC91FD-61C8-4594-A049-E9335E014EDA}
	EndGlobalSection
EndGlobal
